
Microsoft Visual Studio Solution File, Format Version 12.00
# Visual Studio Version 17
VisualStudioVersion = 17.9.34723.18
MinimumVisualStudioVersion = 10.0.40219.1
Project("{FAE04EC0-301F-11D3-BF4B-00C04F79EFBC}") = "PracticaParcial.Web", "PracticaParcial.Web.csproj", "{D50A64B1-33C8-4C01-B353-86F8E5083ED5}"
EndProject
Project("{FAE04EC0-301F-11D3-BF4B-00C04F79EFBC}") = "PracticaParcial.Web.Servicios", "..\PracticaParcial.Web.Servicios\PracticaParcial.Web.Servicios.csproj", "{8FDE8FAD-EE4F-4FD4-8DAE-DA130AFF11DE}"
EndProject
Project("{FAE04EC0-301F-11D3-BF4B-00C04F79EFBC}") = "PracticaParcial.Web.Entidades", "..\PracticaParcial.Web.Entidades\PracticaParcial.Web.Entidades.csproj", "{57231A9C-877D-46B1-BCA5-F865DB01562C}"
EndProject
Global
	GlobalSection(SolutionConfigurationPlatforms) = preSolution
		Debug|Any CPU = Debug|Any CPU
		Release|Any CPU = Release|Any CPU
	EndGlobalSection
	GlobalSection(ProjectConfigurationPlatforms) = postSolution
		{D50A64B1-33C8-4C01-B353-86F8E5083ED5}.Debug|Any CPU.ActiveCfg = Debug|Any CPU
		{D50A64B1-33C8-4C01-B353-86F8E5083ED5}.Debug|Any CPU.Build.0 = Debug|Any CPU
		{D50A64B1-33C8-4C01-B353-86F8E5083ED5}.Release|Any CPU.ActiveCfg = Release|Any CPU
		{D50A64B1-33C8-4C01-B353-86F8E5083ED5}.Release|Any CPU.Build.0 = Release|Any CPU
		{8FDE8FAD-EE4F-4FD4-8DAE-DA130AFF11DE}.Debug|Any CPU.ActiveCfg = Debug|Any CPU
		{8FDE8FAD-EE4F-4FD4-8DAE-DA130AFF11DE}.Debug|Any CPU.Build.0 = Debug|Any CPU
		{8FDE8FAD-EE4F-4FD4-8DAE-DA130AFF11DE}.Release|Any CPU.ActiveCfg = Release|Any CPU
		{8FDE8FAD-EE4F-4FD4-8DAE-DA130AFF11DE}.Release|Any CPU.Build.0 = Release|Any CPU
		{57231A9C-877D-46B1-BCA5-F865DB01562C}.Debug|Any CPU.ActiveCfg = Debug|Any CPU
		{57231A9C-877D-46B1-BCA5-F865DB01562C}.Debug|Any CPU.Build.0 = Debug|Any CPU
		{57231A9C-877D-46B1-BCA5-F865DB01562C}.Release|Any CPU.ActiveCfg = Release|Any CPU
		{57231A9C-877D-46B1-BCA5-F865DB01562C}.Release|Any CPU.Build.0 = Release|Any CPU
	EndGlobalSection
	GlobalSection(SolutionProperties) = preSolution
		HideSolutionNode = FALSE
	EndGlobalSection
	GlobalSection(ExtensibilityGlobals) = postSolution
		SolutionGuid = {045CA265-5E3F-44EF-B5D8-1D1BD02ED636}
	EndGlobalSection
EndGlobal
